<?xml version="1.0" encoding="utf-8"?>
<Project ToolsVersion="4.0" xmlns="http://schemas.microsoft.com/developer/msbuild/2003">
  <ItemGroup>
    <Filter Include="Source Files">
      <UniqueIdentifier>{4FC737F1-C7A5-4376-A066-2A32D752A2FF}</UniqueIdentifier>
      <Extensions>cpp;c;cc;cxx;c++;cppm;ixx;def;odl;idl;hpj;bat;asm;asmx</Extensions>
    </Filter>
    <Filter Include="Header Files">
      <UniqueIdentifier>{93995380-89BD-4b04-88EB-625FBE52EBFB}</UniqueIdentifier>
      <Extensions>h;hh;hpp;hxx;h++;hm;inl;inc;ipp;xsd</Extensions>
    </Filter>
    <Filter Include="Resource Files">
      <UniqueIdentifier>{67DA6AB6-F800-4c08-8B7A-83BB121AAD01}</UniqueIdentifier>
      <Extensions>rc;ico;cur;bmp;dlg;rc2;rct;bin;rgs;gif;jpg;jpeg;jpe;resx;tiff;tif;png;wav;mfcribbon-ms</Extensions>
    </Filter>
    <Filter Include="Header Files\Buildings">
      <UniqueIdentifier>{7fcaf993-7611-4ee4-954d-1e11162a7559}</UniqueIdentifier>
    </Filter>
    <Filter Include="Header Files\Citizens">
      <UniqueIdentifier>{be9d2c1c-706f-4a9e-b27e-12e6be5a39c4}</UniqueIdentifier>
    </Filter>
    <Filter Include="Source Files\Buildings">
      <UniqueIdentifier>{5bb390b3-91e3-47fc-8105-ca7536904ac1}</UniqueIdentifier>
    </Filter>
    <Filter Include="Source Files\Citizens">
      <UniqueIdentifier>{50359b1d-506b-4b2c-8d1c-fa8f19828eac}</UniqueIdentifier>
    </Filter>
  </ItemGroup>
  <ItemGroup>
    <ClCompile Include="SimulationGenerator.cpp">
      <Filter>Source Files</Filter>
    </ClCompile>
    <ClCompile Include="City.cpp">
      <Filter>Source Files</Filter>
    </ClCompile>
    <ClCompile Include="Date.cpp">
      <Filter>Source Files</Filter>
    </ClCompile>
    <ClCompile Include="main.cpp">
      <Filter>Source Files</Filter>
    </ClCompile>
    <ClCompile Include="Building.cpp">
      <Filter>Source Files\Buildings</Filter>
    </ClCompile>
    <ClCompile Include="Dormitory.cpp">
      <Filter>Source Files\Buildings</Filter>
    </ClCompile>
    <ClCompile Include="PanelBuilding.cpp">
      <Filter>Source Files\Buildings</Filter>
    </ClCompile>
    <ClCompile Include="ModernBuilding.cpp">
      <Filter>Source Files\Buildings</Filter>
    </ClCompile>
    <ClCompile Include="Citizen.cpp">
      <Filter>Source Files\Citizens</Filter>
    </ClCompile>
    <ClCompile Include="Miner.cpp">
      <Filter>Source Files\Citizens</Filter>
    </ClCompile>
    <ClCompile Include="Programmer.cpp">
      <Filter>Source Files\Citizens</Filter>
    </ClCompile>
    <ClCompile Include="Teacher.cpp">
      <Filter>Source Files\Citizens</Filter>
    </ClCompile>
    <ClCompile Include="Unemployed.cpp">
      <Filter>Source Files\Citizens</Filter>
    </ClCompile>
  </ItemGroup>
  <ItemGroup>
    <ClInclude Include="City.h">
      <Filter>Header Files</Filter>
    </ClInclude>
    <ClInclude Include="Date.h">
      <Filter>Header Files</Filter>
    </ClInclude>
    <ClInclude Include="SimulationGenerator.h">
      <Filter>Header Files</Filter>
    </ClInclude>
    <ClInclude Include="Building.h">
      <Filter>Header Files\Buildings</Filter>
    </ClInclude>
    <ClInclude Include="Dormitory.h">
      <Filter>Header Files\Buildings</Filter>
    </ClInclude>
    <ClInclude Include="ModernBuilding.h">
      <Filter>Header Files\Buildings</Filter>
    </ClInclude>
    <ClInclude Include="PanelBuilding.h">
      <Filter>Header Files\Buildings</Filter>
    </ClInclude>
    <ClInclude Include="Citizen.h">
      <Filter>Header Files\Citizens</Filter>
    </ClInclude>
    <ClInclude Include="Miner.h">
      <Filter>Header Files\Citizens</Filter>
    </ClInclude>
    <ClInclude Include="Programmer.h">
      <Filter>Header Files\Citizens</Filter>
    </ClInclude>
    <ClInclude Include="Teacher.h">
      <Filter>Header Files\Citizens</Filter>
    </ClInclude>
    <ClInclude Include="Unemployed.h">
      <Filter>Header Files\Citizens</Filter>
    </ClInclude>
  </ItemGroup>
</Project>